
Microsoft Visual Studio Solution File, Format Version 12.00
# Visual Studio Version 17
VisualStudioVersion = 17.14.36301.6 d17.14
MinimumVisualStudioVersion = 10.0.40219.1
Project("{FAE04EC0-301F-11D3-BF4B-00C04F79EFBC}") = "azure-app-steve-vsstudio", "azure-app-steve-vsstudio\azure-app-steve-vsstudio.csproj", "{F4F594E0-A158-45AB-AEFC-0824F3CC3F95}"
EndProject
Global
	GlobalSection(SolutionConfigurationPlatforms) = preSolution
		Debug|Any CPU = Debug|Any CPU
		Release|Any CPU = Release|Any CPU
	EndGlobalSection
	GlobalSection(ProjectConfigurationPlatforms) = postSolution
		{F4F594E0-A158-45AB-AEFC-0824F3CC3F95}.Debug|Any CPU.ActiveCfg = Debug|Any CPU
		{F4F594E0-A158-45AB-AEFC-0824F3CC3F95}.Debug|Any CPU.Build.0 = Debug|Any CPU
		{F4F594E0-A158-45AB-AEFC-0824F3CC3F95}.Release|Any CPU.ActiveCfg = Release|Any CPU
		{F4F594E0-A158-45AB-AEFC-0824F3CC3F95}.Release|Any CPU.Build.0 = Release|Any CPU
	EndGlobalSection
	GlobalSection(SolutionProperties) = preSolution
		HideSolutionNode = FALSE
	EndGlobalSection
	GlobalSection(ExtensibilityGlobals) = postSolution
		SolutionGuid = {783958F4-AFD1-406E-A21F-30073E26637E}
	EndGlobalSection
EndGlobal
